
Microsoft Visual Studio Solution File, Format Version 12.00
# Visual Studio 15
VisualStudioVersion = 15.0.28307.1000
MinimumVisualStudioVersion = 10.0.40219.1
Project("{FAE04EC0-301F-11D3-BF4B-00C04F79EFBC}") = "ict3101lab1", "ict3101lab1\ict3101lab1.csproj", "{163947F8-99B6-42BB-8908-86DC91D766F7}"
EndProject
Project("{FAE04EC0-301F-11D3-BF4B-00C04F79EFBC}") = "ICT3101_Calculator.UnitTests", "ICT3101_Calculator.UnitTests\ICT3101_Calculator.UnitTests.csproj", "{4030E3B4-28BE-4A00-8DD6-8ECAE1000696}"
EndProject
Global
	GlobalSection(SolutionConfigurationPlatforms) = preSolution
		Debug|Any CPU = Debug|Any CPU
		Release|Any CPU = Release|Any CPU
	EndGlobalSection
	GlobalSection(ProjectConfigurationPlatforms) = postSolution
		{163947F8-99B6-42BB-8908-86DC91D766F7}.Debug|Any CPU.ActiveCfg = Debug|Any CPU
		{163947F8-99B6-42BB-8908-86DC91D766F7}.Debug|Any CPU.Build.0 = Debug|Any CPU
		{163947F8-99B6-42BB-8908-86DC91D766F7}.Release|Any CPU.ActiveCfg = Release|Any CPU
		{163947F8-99B6-42BB-8908-86DC91D766F7}.Release|Any CPU.Build.0 = Release|Any CPU
		{4030E3B4-28BE-4A00-8DD6-8ECAE1000696}.Debug|Any CPU.ActiveCfg = Debug|Any CPU
		{4030E3B4-28BE-4A00-8DD6-8ECAE1000696}.Debug|Any CPU.Build.0 = Debug|Any CPU
		{4030E3B4-28BE-4A00-8DD6-8ECAE1000696}.Release|Any CPU.ActiveCfg = Release|Any CPU
		{4030E3B4-28BE-4A00-8DD6-8ECAE1000696}.Release|Any CPU.Build.0 = Release|Any CPU
	EndGlobalSection
	GlobalSection(SolutionProperties) = preSolution
		HideSolutionNode = FALSE
	EndGlobalSection
	GlobalSection(ExtensibilityGlobals) = postSolution
		SolutionGuid = {352218C7-C967-4FFD-80A6-C7268C25ABEC}
	EndGlobalSection
EndGlobal
